// !$*UTF8*$!
{
	archiveVersion = 1;
	classes = {
	};
	objectVersion = 46;
	objects = {

/* Begin PBXBuildFile section */
		D1C986B11DCFC5470053657D /* ruohoreviews_screensaverView.h in Headers */ = {isa = PBXBuildFile; fileRef = D1C986B01DCFC5470053657D /* ruohoreviews_screensaverView.h */; };
		D1C986B31DCFC5470053657D /* ruohoreviews_screensaverView.m in Sources */ = {isa = PBXBuildFile; fileRef = D1C986B21DCFC5470053657D /* ruohoreviews_screensaverView.m */; };
/* End PBXBuildFile section */

/* Begin PBXFileReference section */
		D1C986AD1DCFC5470053657D /* ruohoreviews_screensaver.saver */ = {isa = PBXFileReference; explicitFileType = wrapper.cfbundle; includeInIndex = 0; path = ruohoreviews_screensaver.saver; sourceTree = BUILT_PRODUCTS_DIR; };
		D1C986B01DCFC5470053657D /* ruohoreviews_screensaverView.h */ = {isa = PBXFileReference; lastKnownFileType = sourcecode.c.h; path = ruohoreviews_screensaverView.h; sourceTree = "<group>"; };
		D1C986B21DCFC5470053657D /* ruohoreviews_screensaverView.m */ = {isa = PBXFileReference; lastKnownFileType = sourcecode.c.objc; path = ruohoreviews_screensaverView.m; sourceTree = "<group>"; };
		D1C986B41DCFC5470053657D /* Info.plist */ = {isa = PBXFileReference; lastKnownFileType = text.plist.xml; path = Info.plist; sourceTree = "<group>"; };
/* End PBXFileReference section */

/* Begin PBXFrameworksBuildPhase section */
		D1C986A91DCFC5460053657D /* Frameworks */ = {
			isa = PBXFrameworksBuildPhase;
			buildActionMask = 2147483647;
			files = (
			);
			runOnlyForDeploymentPostprocessing = 0;
		};
/* End PBXFrameworksBuildPhase section */

/* Begin PBXGroup section */
		D1C986A31DCFC5460053657D = {
			isa = PBXGroup;
			children = (
				D1C986AF1DCFC5470053657D /* ruohoreviews_screensaver */,
				D1C986AE1DCFC5470053657D /* Products */,
			);
			sourceTree = "<group>";
		};
		D1C986AE1DCFC5470053657D /* Products */ = {
			isa = PBXGroup;
			children = (
				D1C986AD1DCFC5470053657D /* ruohoreviews_screensaver.saver */,
			);
			name = Products;
			sourceTree = "<group>";
		};
		D1C986AF1DCFC5470053657D /* ruohoreviews_screensaver */ = {
			isa = PBXGroup;
			children = (
				D1C986B01DCFC5470053657D /* ruohoreviews_screensaverView.h */,
				D1C986B21DCFC5470053657D /* ruohoreviews_screensaverView.m */,
				D1C986B41DCFC5470053657D /* Info.plist */,
			);
			path = ruohoreviews_screensaver;
			sourceTree = "<group>";
		};
/* End PBXGroup section */

/* Begin PBXHeadersBuildPhase section */
		D1C986AA1DCFC5460053657D /* Headers */ = {
			isa = PBXHeadersBuildPhase;
			buildActionMask = 2147483647;
			files = (
				D1C986B11DCFC5470053657D /* ruohoreviews_screensaverView.h in Headers */,
			);
			runOnlyForDeploymentPostprocessing = 0;
		};
/* End PBXHeadersBuildPhase section */

/* Begin PBXNativeTarget section */
		D1C986AC1DCFC5460053657D /* ruohoreviews_screensaver */ = {
			isa = PBXNativeTarget;
			buildConfigurationList = D1C986B71DCFC5470053657D /* Build configuration list for PBXNativeTarget "ruohoreviews_screensaver" */;
			buildPhases = (
				D1C986A81DCFC5460053657D /* Sources */,
				D1C986A91DCFC5460053657D /* Frameworks */,
				D1C986AA1DCFC5460053657D /* Headers */,
				D1C986AB1DCFC5460053657D /* Resources */,
			);
			buildRules = (
			);
			dependencies = (
			);
			name = ruohoreviews_screensaver;
			productName = ruohoreviews_screensaver;
			productReference = D1C986AD1DCFC5470053657D /* ruohoreviews_screensaver.saver */;
			productType = "com.apple.product-type.bundle";
		};
/* End PBXNativeTarget section */

/* Begin PBXProject section */
		D1C986A41DCFC5460053657D /* Project object */ = {
			isa = PBXProject;
			attributes = {
				LastUpgradeCheck = 0810;
				ORGANIZATIONNAME = "Ruoho Records";
				TargetAttributes = {
					D1C986AC1DCFC5460053657D = {
						CreatedOnToolsVersion = 8.1;
						DevelopmentTeam = RV5QL9KD4R;
						ProvisioningStyle = Automatic;
					};
				};
			};
			buildConfigurationList = D1C986A71DCFC5460053657D /* Build configuration list for PBXProject "ruohoreviews_screensaver" */;
			compatibilityVersion = "Xcode 3.2";
			developmentRegion = English;
			hasScannedForEncodings = 0;
			knownRegions = (
				en,
			);
			mainGroup = D1C986A31DCFC5460053657D;
			productRefGroup = D1C986AE1DCFC5470053657D /* Products */;
			projectDirPath = "";
			projectRoot = "";
			targets = (
				D1C986AC1DCFC5460053657D /* ruohoreviews_screensaver */,
			);
		};
/* End PBXProject section */

/* Begin PBXResourcesBuildPhase section */
		D1C986AB1DCFC5460053657D /* Resources */ = {
			isa = PBXResourcesBuildPhase;
			buildActionMask = 2147483647;
			files = (
			);
			runOnlyForDeploymentPostprocessing = 0;
		};
/* End PBXResourcesBuildPhase section */

/* Begin PBXSourcesBuildPhase section */
		D1C986A81DCFC5460053657D /* Sources */ = {
			isa = PBXSourcesBuildPhase;
			buildActionMask = 2147483647;
			files = (
				D1C986B31DCFC5470053657D /* ruohoreviews_screensaverView.m in Sources */,
			);
			runOnlyForDeploymentPostprocessing = 0;
		};
/* End PBXSourcesBuildPhase section */

/* Begin XCBuildConfiguration section */
		D1C986B51DCFC5470053657D /* Debug */ = {
			isa = XCBuildConfiguration;
			buildSettings = {
				ALWAYS_SEARCH_USER_PATHS = NO;
				CLANG_ANALYZER_NONNULL = YES;
				CLANG_CXX_LANGUAGE_STANDARD = "gnu++0x";
				CLANG_CXX_LIBRARY = "libc++";
				CLANG_ENABLE_MODULES = YES;
				CLANG_ENABLE_OBJC_ARC = YES;
				CLANG_WARN_BOOL_CONVERSION = YES;
				CLANG_WARN_CONSTANT_CONVERSION = YES;
				CLANG_WARN_DIRECT_OBJC_ISA_USAGE = YES_ERROR;
				CLANG_WARN_DOCUMENTATION_COMMENTS = YES;
				CLANG_WARN_EMPTY_BODY = YES;
				CLANG_WARN_ENUM_CONVERSION = YES;
				CLANG_WARN_INFINITE_RECURSION = YES;
				CLANG_WARN_INT_CONVERSION = YES;
				CLANG_WARN_OBJC_ROOT_CLASS = YES_ERROR;
				CLANG_WARN_SUSPICIOUS_MOVES = YES;
				CLANG_WARN_UNREACHABLE_CODE = YES;
				CLANG_WARN__DUPLICATE_METHOD_MATCH = YES;
				CODE_SIGN_IDENTITY = "-";
				COPY_PHASE_STRIP = NO;
				DEBUG_INFORMATION_FORMAT = dwarf;
				ENABLE_STRICT_OBJC_MSGSEND = YES;
				ENABLE_TESTABILITY = YES;
				GCC_C_LANGUAGE_STANDARD = gnu99;
				GCC_DYNAMIC_NO_PIC = NO;
				GCC_NO_COMMON_BLOCKS = YES;
				GCC_OPTIMIZATION_LEVEL = 0;
				GCC_PREPROCESSOR_DEFINITIONS = (
					"DEBUG=1",
					"$(inherited)",
				);
				GCC_WARN_64_TO_32_BIT_CONVERSION = YES;
				GCC_WARN_ABOUT_RETURN_TYPE = YES_ERROR;
				GCC_WARN_UNDECLARED_SELECTOR = YES;
				GCC_WARN_UNINITIALIZED_AUTOS = YES_AGGRESSIVE;
				GCC_WARN_UNUSED_FUNCTION = YES;
				GCC_WARN_UNUSED_VARIABLE = YES;
				MACOSX_DEPLOYMENT_TARGET = 10.11;
				MTL_ENABLE_DEBUG_INFO = YES;
				ONLY_ACTIVE_ARCH = YES;
				SDKROOT = macosx;
			};
			name = Debug;
		};
		D1C986B61DCFC5470053657D /* Release */ = {
			isa = XCBuildConfiguration;
			buildSettings = {
				ALWAYS_SEARCH_USER_PATHS = NO;
				CLANG_ANALYZER_NONNULL = YES;
				CLANG_CXX_LANGUAGE_STANDARD = "gnu++0x";
				CLANG_CXX_LIBRARY = "libc++";
				CLANG_ENABLE_MODULES = YES;
				CLANG_ENABLE_OBJC_ARC = YES;
				CLANG_WARN_BOOL_CONVERSION = YES;
				CLANG_WARN_CONSTANT_CONVERSION = YES;
				CLANG_WARN_DIRECT_OBJC_ISA_USAGE = YES_ERROR;
				CLANG_WARN_DOCUMENTATION_COMMENTS = YES;
				CLANG_WARN_EMPTY_BODY = YES;
				CLANG_WARN_ENUM_CONVERSION = YES;
				CLANG_WARN_INFINITE_RECURSION = YES;
				CLANG_WARN_INT_CONVERSION = YES;
				CLANG_WARN_OBJC_ROOT_CLASS = YES_ERROR;
				CLANG_WARN_SUSPICIOUS_MOVES = YES;
				CLANG_WARN_UNREACHABLE_CODE = YES;
				CLANG_WARN__DUPLICATE_METHOD_MATCH = YES;
				CODE_SIGN_IDENTITY = "-";
				COPY_PHASE_STRIP = NO;
				DEBUG_INFORMATION_FORMAT = "dwarf-with-dsym";
				ENABLE_NS_ASSERTIONS = NO;
				ENABLE_STRICT_OBJC_MSGSEND = YES;
				GCC_C_LANGUAGE_STANDARD = gnu99;
				GCC_NO_COMMON_BLOCKS = YES;
				GCC_WARN_64_TO_32_BIT_CONVERSION = YES;
				GCC_WARN_ABOUT_RETURN_TYPE = YES_ERROR;
				GCC_WARN_UNDECLARED_SELECTOR = YES;
				GCC_WARN_UNINITIALIZED_AUTOS = YES_AGGRESSIVE;
				GCC_WARN_UNUSED_FUNCTION = YES;
				GCC_WARN_UNUSED_VARIABLE = YES;
				MACOSX_DEPLOYMENT_TARGET = 10.11;
				MTL_ENABLE_DEBUG_INFO = NO;
				SDKROOT = macosx;
			};
			name = Release;
		};
		D1C986B81DCFC5470053657D /* Debug */ = {
			isa = XCBuildConfiguration;
			buildSettings = {
				COMBINE_HIDPI_IMAGES = YES;
				DEVELOPMENT_TEAM = RV5QL9KD4R;
				INFOPLIST_FILE = ruohoreviews_screensaver/Info.plist;
				INSTALL_PATH = "$(HOME)/Library/Screen Savers";
				PRODUCT_BUNDLE_IDENTIFIER = "ruohorecords.ruohoreviews-screensaver";
				PRODUCT_NAME = "$(TARGET_NAME)";
				WRAPPER_EXTENSION = saver;
			};
			name = Debug;
		};
		D1C986B91DCFC5470053657D /* Release */ = {
			isa = XCBuildConfiguration;
			buildSettings = {
				COMBINE_HIDPI_IMAGES = YES;
				DEVELOPMENT_TEAM = RV5QL9KD4R;
				INFOPLIST_FILE = ruohoreviews_screensaver/Info.plist;
				INSTALL_PATH = "$(HOME)/Library/Screen Savers";
				PRODUCT_BUNDLE_IDENTIFIER = "ruohorecords.ruohoreviews-screensaver";
				PRODUCT_NAME = "$(TARGET_NAME)";
				WRAPPER_EXTENSION = saver;
			};
			name = Release;
		};
/* End XCBuildConfiguration section */

/* Begin XCConfigurationList section */
		D1C986A71DCFC5460053657D /* Build configuration list for PBXProject "ruohoreviews_screensaver" */ = {
			isa = XCConfigurationList;
			buildConfigurations = (
				D1C986B51DCFC5470053657D /* Debug */,
				D1C986B61DCFC5470053657D /* Release */,
			);
			defaultConfigurationIsVisible = 0;
			defaultConfigurationName = Release;
		};
		D1C986B71DCFC5470053657D /* Build configuration list for PBXNativeTarget "ruohoreviews_screensaver" */ = {
			isa = XCConfigurationList;
			buildConfigurations = (
				D1C986B81DCFC5470053657D /* Debug */,
				D1C986B91DCFC5470053657D /* Release */,
			);
			defaultConfigurationIsVisible = 0;
		};
/* End XCConfigurationList section */
	};
	rootObject = D1C986A41DCFC5460053657D /* Project object */;
}
